
Microsoft Visual Studio Solution File, Format Version 12.00
# Visual Studio Version 17
VisualStudioVersion = 17.9.34714.143
MinimumVisualStudioVersion = 10.0.40219.1
Project("{9A19103F-16F7-4668-BE54-9A1E7A4F7556}") = "TestLayer_API", "ApiAndUi\TestLayer_API.csproj", "{A237A182-D6F6-40E9-8362-78A4A5C3B40C}"
EndProject
Project("{2150E333-8FDC-42A3-9474-1A3956D46DE8}") = "API", "API", "{D43D38AF-EDCF-4E7C-885F-68E0C7002514}"
EndProject
Project("{2150E333-8FDC-42A3-9474-1A3956D46DE8}") = "UI", "UI", "{8FBD4986-8F7D-4067-8026-3FDE0583CE50}"
EndProject
Project("{9A19103F-16F7-4668-BE54-9A1E7A4F7556}") = "Core_API", "Core_API\Core_API.csproj", "{9E107AD6-1C7A-407C-940F-665724073961}"
EndProject
Project("{9A19103F-16F7-4668-BE54-9A1E7A4F7556}") = "Business_API", "Business_API\Business_API.csproj", "{F8C5E3CC-7A69-4228-9FAE-4CF0DFB4C16A}"
EndProject
Project("{9A19103F-16F7-4668-BE54-9A1E7A4F7556}") = "TestLayer_UI", "TestLayer_UI\TestLayer_UI.csproj", "{E90B94D3-EF70-480E-ADAE-2078799DABE6}"
EndProject
Project("{FAE04EC0-301F-11D3-BF4B-00C04F79EFBC}") = "Core_UI", "Core_UI\Core_UI.csproj", "{70FF9398-A82D-4D62-B150-D492D053DD26}"
EndProject
Project("{FAE04EC0-301F-11D3-BF4B-00C04F79EFBC}") = "Business_UI", "Business_UI\Business_UI.csproj", "{0811F3EB-E211-4AA0-9132-EEB15D1D18B2}"
EndProject
Global
	GlobalSection(SolutionConfigurationPlatforms) = preSolution
		Debug|Any CPU = Debug|Any CPU
		Release|Any CPU = Release|Any CPU
	EndGlobalSection
	GlobalSection(ProjectConfigurationPlatforms) = postSolution
		{A237A182-D6F6-40E9-8362-78A4A5C3B40C}.Debug|Any CPU.ActiveCfg = Debug|Any CPU
		{A237A182-D6F6-40E9-8362-78A4A5C3B40C}.Debug|Any CPU.Build.0 = Debug|Any CPU
		{A237A182-D6F6-40E9-8362-78A4A5C3B40C}.Release|Any CPU.ActiveCfg = Release|Any CPU
		{A237A182-D6F6-40E9-8362-78A4A5C3B40C}.Release|Any CPU.Build.0 = Release|Any CPU
		{9E107AD6-1C7A-407C-940F-665724073961}.Debug|Any CPU.ActiveCfg = Debug|Any CPU
		{9E107AD6-1C7A-407C-940F-665724073961}.Debug|Any CPU.Build.0 = Debug|Any CPU
		{9E107AD6-1C7A-407C-940F-665724073961}.Release|Any CPU.ActiveCfg = Release|Any CPU
		{9E107AD6-1C7A-407C-940F-665724073961}.Release|Any CPU.Build.0 = Release|Any CPU
		{F8C5E3CC-7A69-4228-9FAE-4CF0DFB4C16A}.Debug|Any CPU.ActiveCfg = Debug|Any CPU
		{F8C5E3CC-7A69-4228-9FAE-4CF0DFB4C16A}.Debug|Any CPU.Build.0 = Debug|Any CPU
		{F8C5E3CC-7A69-4228-9FAE-4CF0DFB4C16A}.Release|Any CPU.ActiveCfg = Release|Any CPU
		{F8C5E3CC-7A69-4228-9FAE-4CF0DFB4C16A}.Release|Any CPU.Build.0 = Release|Any CPU
		{E90B94D3-EF70-480E-ADAE-2078799DABE6}.Debug|Any CPU.ActiveCfg = Debug|Any CPU
		{E90B94D3-EF70-480E-ADAE-2078799DABE6}.Debug|Any CPU.Build.0 = Debug|Any CPU
		{E90B94D3-EF70-480E-ADAE-2078799DABE6}.Release|Any CPU.ActiveCfg = Release|Any CPU
		{E90B94D3-EF70-480E-ADAE-2078799DABE6}.Release|Any CPU.Build.0 = Release|Any CPU
		{70FF9398-A82D-4D62-B150-D492D053DD26}.Debug|Any CPU.ActiveCfg = Debug|Any CPU
		{70FF9398-A82D-4D62-B150-D492D053DD26}.Debug|Any CPU.Build.0 = Debug|Any CPU
		{70FF9398-A82D-4D62-B150-D492D053DD26}.Release|Any CPU.ActiveCfg = Release|Any CPU
		{70FF9398-A82D-4D62-B150-D492D053DD26}.Release|Any CPU.Build.0 = Release|Any CPU
		{0811F3EB-E211-4AA0-9132-EEB15D1D18B2}.Debug|Any CPU.ActiveCfg = Debug|Any CPU
		{0811F3EB-E211-4AA0-9132-EEB15D1D18B2}.Debug|Any CPU.Build.0 = Debug|Any CPU
		{0811F3EB-E211-4AA0-9132-EEB15D1D18B2}.Release|Any CPU.ActiveCfg = Release|Any CPU
		{0811F3EB-E211-4AA0-9132-EEB15D1D18B2}.Release|Any CPU.Build.0 = Release|Any CPU
	EndGlobalSection
	GlobalSection(SolutionProperties) = preSolution
		HideSolutionNode = FALSE
	EndGlobalSection
	GlobalSection(NestedProjects) = preSolution
		{A237A182-D6F6-40E9-8362-78A4A5C3B40C} = {D43D38AF-EDCF-4E7C-885F-68E0C7002514}
		{9E107AD6-1C7A-407C-940F-665724073961} = {D43D38AF-EDCF-4E7C-885F-68E0C7002514}
		{F8C5E3CC-7A69-4228-9FAE-4CF0DFB4C16A} = {D43D38AF-EDCF-4E7C-885F-68E0C7002514}
		{E90B94D3-EF70-480E-ADAE-2078799DABE6} = {8FBD4986-8F7D-4067-8026-3FDE0583CE50}
		{70FF9398-A82D-4D62-B150-D492D053DD26} = {8FBD4986-8F7D-4067-8026-3FDE0583CE50}
		{0811F3EB-E211-4AA0-9132-EEB15D1D18B2} = {8FBD4986-8F7D-4067-8026-3FDE0583CE50}
	EndGlobalSection
	GlobalSection(ExtensibilityGlobals) = postSolution
		SolutionGuid = {36052F82-FF9C-4F42-86E5-5EE6DE1BB2FD}
	EndGlobalSection
EndGlobal
